
Microsoft Visual Studio Solution File, Format Version 12.00
# Visual Studio Version 16
VisualStudioVersion = 16.0.29613.14
MinimumVisualStudioVersion = 10.0.40219.1
Project("{FAE04EC0-301F-11D3-BF4B-00C04F79EFBC}") = "HolaMundoCs", "HolaMundoCs\HolaMundoCs.csproj", "{7C96F41E-E119-4B7F-BA01-0D7BC53B49F6}"
EndProject
Project("{778DAE3C-4631-46EA-AA77-85C1314464D9}") = "HolaMundoVb", "HolaMundoVb\HolaMundoVb.vbproj", "{574BDA53-E09E-4399-BF46-85E42F7513ED}"
EndProject
Global
	GlobalSection(SolutionConfigurationPlatforms) = preSolution
		Debug|Any CPU = Debug|Any CPU
		Release|Any CPU = Release|Any CPU
	EndGlobalSection
	GlobalSection(ProjectConfigurationPlatforms) = postSolution
		{7C96F41E-E119-4B7F-BA01-0D7BC53B49F6}.Debug|Any CPU.ActiveCfg = Debug|Any CPU
		{7C96F41E-E119-4B7F-BA01-0D7BC53B49F6}.Debug|Any CPU.Build.0 = Debug|Any CPU
		{7C96F41E-E119-4B7F-BA01-0D7BC53B49F6}.Release|Any CPU.ActiveCfg = Release|Any CPU
		{7C96F41E-E119-4B7F-BA01-0D7BC53B49F6}.Release|Any CPU.Build.0 = Release|Any CPU
		{574BDA53-E09E-4399-BF46-85E42F7513ED}.Debug|Any CPU.ActiveCfg = Debug|Any CPU
		{574BDA53-E09E-4399-BF46-85E42F7513ED}.Debug|Any CPU.Build.0 = Debug|Any CPU
		{574BDA53-E09E-4399-BF46-85E42F7513ED}.Release|Any CPU.ActiveCfg = Release|Any CPU
		{574BDA53-E09E-4399-BF46-85E42F7513ED}.Release|Any CPU.Build.0 = Release|Any CPU
	EndGlobalSection
	GlobalSection(SolutionProperties) = preSolution
		HideSolutionNode = FALSE
	EndGlobalSection
	GlobalSection(ExtensibilityGlobals) = postSolution
		SolutionGuid = {A4C98BFE-489F-4D8F-AEA1-285EC4979B9E}
	EndGlobalSection
EndGlobal
